// !$*UTF8*$!
{
	archiveVersion = 1;
	classes = {
	};
	objectVersion = 48;
	objects = {

/* Begin PBXBuildFile section */
		2A3D3D1621F75D4700FC3265 /* SwipingController.swift in Sources */ = {isa = PBXBuildFile; fileRef = 2A3D3D1521F75D4700FC3265 /* SwipingController.swift */; };
		2A3D3D1821F763A200FC3265 /* PageCell.swift in Sources */ = {isa = PBXBuildFile; fileRef = 2A3D3D1721F763A200FC3265 /* PageCell.swift */; };
		2A3D3D1A21F9E56E00FC3265 /* Models.swift in Sources */ = {isa = PBXBuildFile; fileRef = 2A3D3D1921F9E56E00FC3265 /* Models.swift */; };
		2A3D3D1E21F9EAB000FC3265 /* SearchCell.swift in Sources */ = {isa = PBXBuildFile; fileRef = 2A3D3D1D21F9EAB000FC3265 /* SearchCell.swift */; };
		C79CF60D1F79AE6F00C1D117 /* AppDelegate.swift in Sources */ = {isa = PBXBuildFile; fileRef = C79CF60C1F79AE6F00C1D117 /* AppDelegate.swift */; };
		C79CF60F1F79AE6F00C1D117 /* ViewController.swift in Sources */ = {isa = PBXBuildFile; fileRef = C79CF60E1F79AE6F00C1D117 /* ViewController.swift */; };
		C79CF6121F79AE6F00C1D117 /* Main.storyboard in Resources */ = {isa = PBXBuildFile; fileRef = C79CF6101F79AE6F00C1D117 /* Main.storyboard */; };
		C79CF6141F79AE6F00C1D117 /* Assets.xcassets in Resources */ = {isa = PBXBuildFile; fileRef = C79CF6131F79AE6F00C1D117 /* Assets.xcassets */; };
		C79CF6171F79AE6F00C1D117 /* LaunchScreen.storyboard in Resources */ = {isa = PBXBuildFile; fileRef = C79CF6151F79AE6F00C1D117 /* LaunchScreen.storyboard */; };
/* End PBXBuildFile section */

/* Begin PBXFileReference section */
		2A3D3D1521F75D4700FC3265 /* SwipingController.swift */ = {isa = PBXFileReference; lastKnownFileType = sourcecode.swift; path = SwipingController.swift; sourceTree = "<group>"; };
		2A3D3D1721F763A200FC3265 /* PageCell.swift */ = {isa = PBXFileReference; lastKnownFileType = sourcecode.swift; path = PageCell.swift; sourceTree = "<group>"; };
		2A3D3D1921F9E56E00FC3265 /* Models.swift */ = {isa = PBXFileReference; lastKnownFileType = sourcecode.swift; path = Models.swift; sourceTree = "<group>"; };
		2A3D3D1D21F9EAB000FC3265 /* SearchCell.swift */ = {isa = PBXFileReference; lastKnownFileType = sourcecode.swift; path = SearchCell.swift; sourceTree = "<group>"; };
		C79CF6091F79AE6F00C1D117 /* autolayout_lbta.app */ = {isa = PBXFileReference; explicitFileType = wrapper.application; includeInIndex = 0; path = autolayout_lbta.app; sourceTree = BUILT_PRODUCTS_DIR; };
		C79CF60C1F79AE6F00C1D117 /* AppDelegate.swift */ = {isa = PBXFileReference; lastKnownFileType = sourcecode.swift; path = AppDelegate.swift; sourceTree = "<group>"; };
		C79CF60E1F79AE6F00C1D117 /* ViewController.swift */ = {isa = PBXFileReference; lastKnownFileType = sourcecode.swift; path = ViewController.swift; sourceTree = "<group>"; };
		C79CF6111F79AE6F00C1D117 /* Base */ = {isa = PBXFileReference; lastKnownFileType = file.storyboard; name = Base; path = Base.lproj/Main.storyboard; sourceTree = "<group>"; };
		C79CF6131F79AE6F00C1D117 /* Assets.xcassets */ = {isa = PBXFileReference; lastKnownFileType = folder.assetcatalog; path = Assets.xcassets; sourceTree = "<group>"; };
		C79CF6161F79AE6F00C1D117 /* Base */ = {isa = PBXFileReference; lastKnownFileType = file.storyboard; name = Base; path = Base.lproj/LaunchScreen.storyboard; sourceTree = "<group>"; };
		C79CF6181F79AE6F00C1D117 /* Info.plist */ = {isa = PBXFileReference; lastKnownFileType = text.plist.xml; path = Info.plist; sourceTree = "<group>"; };
/* End PBXFileReference section */

/* Begin PBXFrameworksBuildPhase section */
		C79CF6061F79AE6E00C1D117 /* Frameworks */ = {
			isa = PBXFrameworksBuildPhase;
			buildActionMask = 2147483647;
			files = (
			);
			runOnlyForDeploymentPostprocessing = 0;
		};
/* End PBXFrameworksBuildPhase section */

/* Begin PBXGroup section */
		C79CF6001F79AE6E00C1D117 = {
			isa = PBXGroup;
			children = (
				C79CF60B1F79AE6F00C1D117 /* autolayout_lbta */,
				C79CF60A1F79AE6F00C1D117 /* Products */,
			);
			sourceTree = "<group>";
		};
		C79CF60A1F79AE6F00C1D117 /* Products */ = {
			isa = PBXGroup;
			children = (
				C79CF6091F79AE6F00C1D117 /* autolayout_lbta.app */,
			);
			name = Products;
			sourceTree = "<group>";
		};
		C79CF60B1F79AE6F00C1D117 /* autolayout_lbta */ = {
			isa = PBXGroup;
			children = (
				C79CF60C1F79AE6F00C1D117 /* AppDelegate.swift */,
				C79CF60E1F79AE6F00C1D117 /* ViewController.swift */,
				C79CF6101F79AE6F00C1D117 /* Main.storyboard */,
				C79CF6131F79AE6F00C1D117 /* Assets.xcassets */,
				C79CF6151F79AE6F00C1D117 /* LaunchScreen.storyboard */,
				C79CF6181F79AE6F00C1D117 /* Info.plist */,
				2A3D3D1521F75D4700FC3265 /* SwipingController.swift */,
				2A3D3D1721F763A200FC3265 /* PageCell.swift */,
				2A3D3D1921F9E56E00FC3265 /* Models.swift */,
				2A3D3D1D21F9EAB000FC3265 /* SearchCell.swift */,
			);
			path = autolayout_lbta;
			sourceTree = "<group>";
		};
/* End PBXGroup section */

/* Begin PBXNativeTarget section */
		C79CF6081F79AE6E00C1D117 /* autolayout_lbta */ = {
			isa = PBXNativeTarget;
			buildConfigurationList = C79CF61B1F79AE6F00C1D117 /* Build configuration list for PBXNativeTarget "autolayout_lbta" */;
			buildPhases = (
				C79CF6051F79AE6E00C1D117 /* Sources */,
				C79CF6061F79AE6E00C1D117 /* Frameworks */,
				C79CF6071F79AE6E00C1D117 /* Resources */,
			);
			buildRules = (
			);
			dependencies = (
			);
			name = autolayout_lbta;
			productName = autolayout_lbta;
			productReference = C79CF6091F79AE6F00C1D117 /* autolayout_lbta.app */;
			productType = "com.apple.product-type.application";
		};
/* End PBXNativeTarget section */

/* Begin PBXProject section */
		C79CF6011F79AE6E00C1D117 /* Project object */ = {
			isa = PBXProject;
			attributes = {
				LastSwiftUpdateCheck = 0900;
				LastUpgradeCheck = 0900;
				ORGANIZATIONNAME = "Lets Build That App";
				TargetAttributes = {
					C79CF6081F79AE6E00C1D117 = {
						CreatedOnToolsVersion = 9.0;
						ProvisioningStyle = Automatic;
					};
				};
			};
			buildConfigurationList = C79CF6041F79AE6E00C1D117 /* Build configuration list for PBXProject "autolayout_lbta" */;
			compatibilityVersion = "Xcode 8.0";
			developmentRegion = en;
			hasScannedForEncodings = 0;
			knownRegions = (
				en,
				Base,
			);
			mainGroup = C79CF6001F79AE6E00C1D117;
			productRefGroup = C79CF60A1F79AE6F00C1D117 /* Products */;
			projectDirPath = "";
			projectRoot = "";
			targets = (
				C79CF6081F79AE6E00C1D117 /* autolayout_lbta */,
			);
		};
/* End PBXProject section */

/* Begin PBXResourcesBuildPhase section */
		C79CF6071F79AE6E00C1D117 /* Resources */ = {
			isa = PBXResourcesBuildPhase;
			buildActionMask = 2147483647;
			files = (
				C79CF6171F79AE6F00C1D117 /* LaunchScreen.storyboard in Resources */,
				C79CF6141F79AE6F00C1D117 /* Assets.xcassets in Resources */,
				C79CF6121F79AE6F00C1D117 /* Main.storyboard in Resources */,
			);
			runOnlyForDeploymentPostprocessing = 0;
		};
/* End PBXResourcesBuildPhase section */

/* Begin PBXSourcesBuildPhase section */
		C79CF6051F79AE6E00C1D117 /* Sources */ = {
			isa = PBXSourcesBuildPhase;
			buildActionMask = 2147483647;
			files = (
				C79CF60F1F79AE6F00C1D117 /* ViewController.swift in Sources */,
				2A3D3D1E21F9EAB000FC3265 /* SearchCell.swift in Sources */,
				C79CF60D1F79AE6F00C1D117 /* AppDelegate.swift in Sources */,
				2A3D3D1821F763A200FC3265 /* PageCell.swift in Sources */,
				2A3D3D1621F75D4700FC3265 /* SwipingController.swift in Sources */,
				2A3D3D1A21F9E56E00FC3265 /* Models.swift in Sources */,
			);
			runOnlyForDeploymentPostprocessing = 0;
		};
/* End PBXSourcesBuildPhase section */

/* Begin PBXVariantGroup section */
		C79CF6101F79AE6F00C1D117 /* Main.storyboard */ = {
			isa = PBXVariantGroup;
			children = (
				C79CF6111F79AE6F00C1D117 /* Base */,
			);
			name = Main.storyboard;
			sourceTree = "<group>";
		};
		C79CF6151F79AE6F00C1D117 /* LaunchScreen.storyboard */ = {
			isa = PBXVariantGroup;
			children = (
				C79CF6161F79AE6F00C1D117 /* Base */,
			);
			name = LaunchScreen.storyboard;
			sourceTree = "<group>";
		};
/* End PBXVariantGroup section */

/* Begin XCBuildConfiguration section */
		C79CF6191F79AE6F00C1D117 /* Debug */ = {
			isa = XCBuildConfiguration;
			buildSettings = {
				ALWAYS_SEARCH_USER_PATHS = NO;
				CLANG_ANALYZER_NONNULL = YES;
				CLANG_ANALYZER_NUMBER_OBJECT_CONVERSION = YES_AGGRESSIVE;
				CLANG_CXX_LANGUAGE_STANDARD = "gnu++14";
				CLANG_CXX_LIBRARY = "libc++";
				CLANG_ENABLE_MODULES = YES;
				CLANG_ENABLE_OBJC_ARC = YES;
				CLANG_WARN_BLOCK_CAPTURE_AUTORELEASING = YES;
				CLANG_WARN_BOOL_CONVERSION = YES;
				CLANG_WARN_COMMA = YES;
				CLANG_WARN_CONSTANT_CONVERSION = YES;
				CLANG_WARN_DIRECT_OBJC_ISA_USAGE = YES_ERROR;
				CLANG_WARN_DOCUMENTATION_COMMENTS = YES;
				CLANG_WARN_EMPTY_BODY = YES;
				CLANG_WARN_ENUM_CONVERSION = YES;
				CLANG_WARN_INFINITE_RECURSION = YES;
				CLANG_WARN_INT_CONVERSION = YES;
				CLANG_WARN_NON_LITERAL_NULL_CONVERSION = YES;
				CLANG_WARN_OBJC_LITERAL_CONVERSION = YES;
				CLANG_WARN_OBJC_ROOT_CLASS = YES_ERROR;
				CLANG_WARN_RANGE_LOOP_ANALYSIS = YES;
				CLANG_WARN_STRICT_PROTOTYPES = YES;
				CLANG_WARN_SUSPICIOUS_MOVE = YES;
				CLANG_WARN_UNGUARDED_AVAILABILITY = YES_AGGRESSIVE;
				CLANG_WARN_UNREACHABLE_CODE = YES;
				CLANG_WARN__DUPLICATE_METHOD_MATCH = YES;
				CODE_SIGN_IDENTITY = "iPhone Developer";
				COPY_PHASE_STRIP = NO;
				DEBUG_INFORMATION_FORMAT = dwarf;
				ENABLE_STRICT_OBJC_MSGSEND = YES;
				ENABLE_TESTABILITY = YES;
				GCC_C_LANGUAGE_STANDARD = gnu11;
				GCC_DYNAMIC_NO_PIC = NO;
				GCC_NO_COMMON_BLOCKS = YES;
				GCC_OPTIMIZATION_LEVEL = 0;
				GCC_PREPROCESSOR_DEFINITIONS = (
					"DEBUG=1",
					"$(inherited)",
				);
				GCC_WARN_64_TO_32_BIT_CONVERSION = YES;
				GCC_WARN_ABOUT_RETURN_TYPE = YES_ERROR;
				GCC_WARN_UNDECLARED_SELECTOR = YES;
				GCC_WARN_UNINITIALIZED_AUTOS = YES_AGGRESSIVE;
				GCC_WARN_UNUSED_FUNCTION = YES;
				GCC_WARN_UNUSED_VARIABLE = YES;
				IPHONEOS_DEPLOYMENT_TARGET = 11.0;
				MTL_ENABLE_DEBUG_INFO = YES;
				ONLY_ACTIVE_ARCH = YES;
				SDKROOT = iphoneos;
				SWIFT_ACTIVE_COMPILATION_CONDITIONS = DEBUG;
				SWIFT_OPTIMIZATION_LEVEL = "-Onone";
			};
			name = Debug;
		};
		C79CF61A1F79AE6F00C1D117 /* Release */ = {
			isa = XCBuildConfiguration;
			buildSettings = {
				ALWAYS_SEARCH_USER_PATHS = NO;
				CLANG_ANALYZER_NONNULL = YES;
				CLANG_ANALYZER_NUMBER_OBJECT_CONVERSION = YES_AGGRESSIVE;
				CLANG_CXX_LANGUAGE_STANDARD = "gnu++14";
				CLANG_CXX_LIBRARY = "libc++";
				CLANG_ENABLE_MODULES = YES;
				CLANG_ENABLE_OBJC_ARC = YES;
				CLANG_WARN_BLOCK_CAPTURE_AUTORELEASING = YES;
				CLANG_WARN_BOOL_CONVERSION = YES;
				CLANG_WARN_COMMA = YES;
				CLANG_WARN_CONSTANT_CONVERSION = YES;
				CLANG_WARN_DIRECT_OBJC_ISA_USAGE = YES_ERROR;
				CLANG_WARN_DOCUMENTATION_COMMENTS = YES;
				CLANG_WARN_EMPTY_BODY = YES;
				CLANG_WARN_ENUM_CONVERSION = YES;
				CLANG_WARN_INFINITE_RECURSION = YES;
				CLANG_WARN_INT_CONVERSION = YES;
				CLANG_WARN_NON_LITERAL_NULL_CONVERSION = YES;
				CLANG_WARN_OBJC_LITERAL_CONVERSION = YES;
				CLANG_WARN_OBJC_ROOT_CLASS = YES_ERROR;
				CLANG_WARN_RANGE_LOOP_ANALYSIS = YES;
				CLANG_WARN_STRICT_PROTOTYPES = YES;
				CLANG_WARN_SUSPICIOUS_MOVE = YES;
				CLANG_WARN_UNGUARDED_AVAILABILITY = YES_AGGRESSIVE;
				CLANG_WARN_UNREACHABLE_CODE = YES;
				CLANG_WARN__DUPLICATE_METHOD_MATCH = YES;
				CODE_SIGN_IDENTITY = "iPhone Developer";
				COPY_PHASE_STRIP = NO;
				DEBUG_INFORMATION_FORMAT = "dwarf-with-dsym";
				ENABLE_NS_ASSERTIONS = NO;
				ENABLE_STRICT_OBJC_MSGSEND = YES;
				GCC_C_LANGUAGE_STANDARD = gnu11;
				GCC_NO_COMMON_BLOCKS = YES;
				GCC_WARN_64_TO_32_BIT_CONVERSION = YES;
				GCC_WARN_ABOUT_RETURN_TYPE = YES_ERROR;
				GCC_WARN_UNDECLARED_SELECTOR = YES;
				GCC_WARN_UNINITIALIZED_AUTOS = YES_AGGRESSIVE;
				GCC_WARN_UNUSED_FUNCTION = YES;
				GCC_WARN_UNUSED_VARIABLE = YES;
				IPHONEOS_DEPLOYMENT_TARGET = 11.0;
				MTL_ENABLE_DEBUG_INFO = NO;
				SDKROOT = iphoneos;
				SWIFT_OPTIMIZATION_LEVEL = "-Owholemodule";
				VALIDATE_PRODUCT = YES;
			};
			name = Release;
		};
		C79CF61C1F79AE6F00C1D117 /* Debug */ = {
			isa = XCBuildConfiguration;
			buildSettings = {
				ASSETCATALOG_COMPILER_APPICON_NAME = AppIcon;
				CODE_SIGN_STYLE = Automatic;
				DEVELOPMENT_TEAM = TU4944T6UG;
				INFOPLIST_FILE = autolayout_lbta/Info.plist;
				LD_RUNPATH_SEARCH_PATHS = "$(inherited) @executable_path/Frameworks";
				PRODUCT_BUNDLE_IDENTIFIER = "com.letsbuildthatapp.autolayout-lbta";
				PRODUCT_NAME = "$(TARGET_NAME)";
				SWIFT_VERSION = 4.0;
				TARGETED_DEVICE_FAMILY = "1,2";
			};
			name = Debug;
		};
		C79CF61D1F79AE6F00C1D117 /* Release */ = {
			isa = XCBuildConfiguration;
			buildSettings = {
				ASSETCATALOG_COMPILER_APPICON_NAME = AppIcon;
				CODE_SIGN_STYLE = Automatic;
				DEVELOPMENT_TEAM = TU4944T6UG;
				INFOPLIST_FILE = autolayout_lbta/Info.plist;
				LD_RUNPATH_SEARCH_PATHS = "$(inherited) @executable_path/Frameworks";
				PRODUCT_BUNDLE_IDENTIFIER = "com.letsbuildthatapp.autolayout-lbta";
				PRODUCT_NAME = "$(TARGET_NAME)";
				SWIFT_VERSION = 4.0;
				TARGETED_DEVICE_FAMILY = "1,2";
			};
			name = Release;
		};
/* End XCBuildConfiguration section */

/* Begin XCConfigurationList section */
		C79CF6041F79AE6E00C1D117 /* Build configuration list for PBXProject "autolayout_lbta" */ = {
			isa = XCConfigurationList;
			buildConfigurations = (
				C79CF6191F79AE6F00C1D117 /* Debug */,
				C79CF61A1F79AE6F00C1D117 /* Release */,
			);
			defaultConfigurationIsVisible = 0;
			defaultConfigurationName = Release;
		};
		C79CF61B1F79AE6F00C1D117 /* Build configuration list for PBXNativeTarget "autolayout_lbta" */ = {
			isa = XCConfigurationList;
			buildConfigurations = (
				C79CF61C1F79AE6F00C1D117 /* Debug */,
				C79CF61D1F79AE6F00C1D117 /* Release */,
			);
			defaultConfigurationIsVisible = 0;
			defaultConfigurationName = Release;
		};
/* End XCConfigurationList section */
	};
	rootObject = C79CF6011F79AE6E00C1D117 /* Project object */;
}
